
Microsoft Visual Studio Solution File, Format Version 12.00
# Visual Studio Version 17
VisualStudioVersion = 17.4.33213.308
MinimumVisualStudioVersion = 10.0.40219.1
Project("{FAE04EC0-301F-11D3-BF4B-00C04F79EFBC}") = "qtec_api", "qtec_solutions\qtec_api.csproj", "{8C36B5B6-8090-4261-9123-4BA0B4C46308}"
EndProject
Global
	GlobalSection(SolutionConfigurationPlatforms) = preSolution
		Debug|Any CPU = Debug|Any CPU
		Release|Any CPU = Release|Any CPU
	EndGlobalSection
	GlobalSection(ProjectConfigurationPlatforms) = postSolution
		{8C36B5B6-8090-4261-9123-4BA0B4C46308}.Debug|Any CPU.ActiveCfg = Debug|Any CPU
		{8C36B5B6-8090-4261-9123-4BA0B4C46308}.Debug|Any CPU.Build.0 = Debug|Any CPU
		{8C36B5B6-8090-4261-9123-4BA0B4C46308}.Release|Any CPU.ActiveCfg = Release|Any CPU
		{8C36B5B6-8090-4261-9123-4BA0B4C46308}.Release|Any CPU.Build.0 = Release|Any CPU
	EndGlobalSection
	GlobalSection(SolutionProperties) = preSolution
		HideSolutionNode = FALSE
	EndGlobalSection
	GlobalSection(ExtensibilityGlobals) = postSolution
		SolutionGuid = {46067B0B-FF38-4F67-8FF6-F059A51D50AC}
	EndGlobalSection
EndGlobal
